
Microsoft Visual Studio Solution File, Format Version 12.00
# Visual Studio 16
Project("{FAE04EC0-301F-11D3-BF4B-00C04F79EFBC}") = "Assembly-CSharp", "Assembly-CSharp.csproj", "{29B1BF12-E9F7-19CB-B6C0-69C7FCA81A60}"
EndProject
Project("{FAE04EC0-301F-11D3-BF4B-00C04F79EFBC}") = "Assembly-CSharp-Editor", "Assembly-CSharp-Editor.csproj", "{8DED90AC-36E7-232D-E4F0-C215A3F63486}"
EndProject
Global
	GlobalSection(SolutionConfigurationPlatforms) = preSolution
		Debug|Any CPU = Debug|Any CPU
		Release|Any CPU = Release|Any CPU
	EndGlobalSection
	GlobalSection(ProjectConfigurationPlatforms) = postSolution
		{29B1BF12-E9F7-19CB-B6C0-69C7FCA81A60}.Debug|Any CPU.ActiveCfg = Debug|Any CPU
		{29B1BF12-E9F7-19CB-B6C0-69C7FCA81A60}.Debug|Any CPU.Build.0 = Debug|Any CPU
		{29B1BF12-E9F7-19CB-B6C0-69C7FCA81A60}.Release|Any CPU.ActiveCfg = Release|Any CPU
		{29B1BF12-E9F7-19CB-B6C0-69C7FCA81A60}.Release|Any CPU.Build.0 = Release|Any CPU
		{8DED90AC-36E7-232D-E4F0-C215A3F63486}.Debug|Any CPU.ActiveCfg = Debug|Any CPU
		{8DED90AC-36E7-232D-E4F0-C215A3F63486}.Debug|Any CPU.Build.0 = Debug|Any CPU
		{8DED90AC-36E7-232D-E4F0-C215A3F63486}.Release|Any CPU.ActiveCfg = Release|Any CPU
		{8DED90AC-36E7-232D-E4F0-C215A3F63486}.Release|Any CPU.Build.0 = Release|Any CPU
	EndGlobalSection
	GlobalSection(SolutionProperties) = preSolution
		HideSolutionNode = FALSE
	EndGlobalSection
	GlobalSection(MonoDevelopProperties) = preSolution
		StartupItem = Assembly-CSharp.csproj
	EndGlobalSection
EndGlobal
